{
  "requires": true,
  "lockfileVersion": 1,
  "dependencies": {
    "sweetalert2": {
      "version": "6.6.9",
      "resolved": "https://registry.npmjs.org/sweetalert2/-/sweetalert2-6.6.9.tgz",
      "integrity": "sha512-kAF3VbCS34LpbPUAwLfynFt8nHv7JqyZIe6iO5Z2prPV0yob6QLfjaovx+wqFqbisyNJH/lZI2lohwrXvfGGcw=="
    }
  }
}
